
Microsoft Visual Studio Solution File, Format Version 12.00
# Visual Studio Version 16
VisualStudioVersion = 16.0.31424.327
MinimumVisualStudioVersion = 10.0.40219.1
Project("{FAE04EC0-301F-11D3-BF4B-00C04F79EFBC}") = "Rimrats", "Rimrats\Rimrats.csproj", "{DBB509EF-1512-424E-A580-43ABCA41E83A}"
EndProject
Global
	GlobalSection(SolutionConfigurationPlatforms) = preSolution
		Debug|Any CPU = Debug|Any CPU
		Release|Any CPU = Release|Any CPU
	EndGlobalSection
	GlobalSection(ProjectConfigurationPlatforms) = postSolution
		{DBB509EF-1512-424E-A580-43ABCA41E83A}.Debug|Any CPU.ActiveCfg = Debug|Any CPU
		{DBB509EF-1512-424E-A580-43ABCA41E83A}.Debug|Any CPU.Build.0 = Debug|Any CPU
		{DBB509EF-1512-424E-A580-43ABCA41E83A}.Release|Any CPU.ActiveCfg = Release|Any CPU
		{DBB509EF-1512-424E-A580-43ABCA41E83A}.Release|Any CPU.Build.0 = Release|Any CPU
	EndGlobalSection
	GlobalSection(SolutionProperties) = preSolution
		HideSolutionNode = FALSE
	EndGlobalSection
	GlobalSection(ExtensibilityGlobals) = postSolution
		SolutionGuid = {4C7C140E-C7C7-4BDE-BB72-C79F28B8A1D3}
	EndGlobalSection
EndGlobal
